
Microsoft Visual Studio Solution File, Format Version 12.00
# Visual Studio Version 17
VisualStudioVersion = 17.5.33530.505
MinimumVisualStudioVersion = 10.0.40219.1
Project("{9A19103F-16F7-4668-BE54-9A1E7A4F7556}") = "StoreApi", "StoreApi\StoreApi.csproj", "{FB2CE424-E8EE-4136-BB63-DE1A649ED793}"
EndProject
Project("{9A19103F-16F7-4668-BE54-9A1E7A4F7556}") = "StoreApp", "StoreApp\StoreApp.csproj", "{813F19D3-8332-4F35-A281-3BC7DDAFC8BA}"
EndProject
Project("{9A19103F-16F7-4668-BE54-9A1E7A4F7556}") = "StoreCommon", "StoreCommon\StoreCommon.csproj", "{DB25007A-7D67-480F-BD41-0096660DEA49}"
EndProject
Global
	GlobalSection(SolutionConfigurationPlatforms) = preSolution
		Debug|Any CPU = Debug|Any CPU
		Release|Any CPU = Release|Any CPU
	EndGlobalSection
	GlobalSection(ProjectConfigurationPlatforms) = postSolution
		{FB2CE424-E8EE-4136-BB63-DE1A649ED793}.Debug|Any CPU.ActiveCfg = Debug|Any CPU
		{FB2CE424-E8EE-4136-BB63-DE1A649ED793}.Debug|Any CPU.Build.0 = Debug|Any CPU
		{FB2CE424-E8EE-4136-BB63-DE1A649ED793}.Release|Any CPU.ActiveCfg = Release|Any CPU
		{FB2CE424-E8EE-4136-BB63-DE1A649ED793}.Release|Any CPU.Build.0 = Release|Any CPU
		{813F19D3-8332-4F35-A281-3BC7DDAFC8BA}.Debug|Any CPU.ActiveCfg = Debug|Any CPU
		{813F19D3-8332-4F35-A281-3BC7DDAFC8BA}.Debug|Any CPU.Build.0 = Debug|Any CPU
		{813F19D3-8332-4F35-A281-3BC7DDAFC8BA}.Release|Any CPU.ActiveCfg = Release|Any CPU
		{813F19D3-8332-4F35-A281-3BC7DDAFC8BA}.Release|Any CPU.Build.0 = Release|Any CPU
		{DB25007A-7D67-480F-BD41-0096660DEA49}.Debug|Any CPU.ActiveCfg = Debug|Any CPU
		{DB25007A-7D67-480F-BD41-0096660DEA49}.Debug|Any CPU.Build.0 = Debug|Any CPU
		{DB25007A-7D67-480F-BD41-0096660DEA49}.Release|Any CPU.ActiveCfg = Release|Any CPU
		{DB25007A-7D67-480F-BD41-0096660DEA49}.Release|Any CPU.Build.0 = Release|Any CPU
	EndGlobalSection
	GlobalSection(SolutionProperties) = preSolution
		HideSolutionNode = FALSE
	EndGlobalSection
	GlobalSection(ExtensibilityGlobals) = postSolution
		SolutionGuid = {D304F244-90F7-426C-AEB7-7070C1231C17}
	EndGlobalSection
EndGlobal
